
Microsoft Visual Studio Solution File, Format Version 12.00
# Visual Studio Version 17
VisualStudioVersion = 17.0.31912.275
MinimumVisualStudioVersion = 10.0.40219.1
Project("{FAE04EC0-301F-11D3-BF4B-00C04F79EFBC}") = "Csv file read and write", "Csv file read and write.csproj", "{39F7FA98-FD87-486F-B999-B620067BC5C5}"
EndProject
Global
	GlobalSection(SolutionConfigurationPlatforms) = preSolution
		Debug|Any CPU = Debug|Any CPU
		Release|Any CPU = Release|Any CPU
	EndGlobalSection
	GlobalSection(ProjectConfigurationPlatforms) = postSolution
		{39F7FA98-FD87-486F-B999-B620067BC5C5}.Debug|Any CPU.ActiveCfg = Debug|Any CPU
		{39F7FA98-FD87-486F-B999-B620067BC5C5}.Debug|Any CPU.Build.0 = Debug|Any CPU
		{39F7FA98-FD87-486F-B999-B620067BC5C5}.Release|Any CPU.ActiveCfg = Release|Any CPU
		{39F7FA98-FD87-486F-B999-B620067BC5C5}.Release|Any CPU.Build.0 = Release|Any CPU
	EndGlobalSection
	GlobalSection(SolutionProperties) = preSolution
		HideSolutionNode = FALSE
	EndGlobalSection
	GlobalSection(ExtensibilityGlobals) = postSolution
		SolutionGuid = {83FB9A60-E4B8-4BC5-AD92-7802DD9DB40E}
	EndGlobalSection
EndGlobal
